
Microsoft Visual Studio Solution File, Format Version 12.00
# Visual Studio Version 17
VisualStudioVersion = 17.3.32901.215
MinimumVisualStudioVersion = 10.0.40219.1
Project("{FAE04EC0-301F-11D3-BF4B-00C04F79EFBC}") = "Classlar", "Classlar\Classlar.csproj", "{0DC4B408-21E9-4CC3-887F-D8431A49A326}"
EndProject
Global
	GlobalSection(SolutionConfigurationPlatforms) = preSolution
		Debug|Any CPU = Debug|Any CPU
		Release|Any CPU = Release|Any CPU
	EndGlobalSection
	GlobalSection(ProjectConfigurationPlatforms) = postSolution
		{0DC4B408-21E9-4CC3-887F-D8431A49A326}.Debug|Any CPU.ActiveCfg = Debug|Any CPU
		{0DC4B408-21E9-4CC3-887F-D8431A49A326}.Debug|Any CPU.Build.0 = Debug|Any CPU
		{0DC4B408-21E9-4CC3-887F-D8431A49A326}.Release|Any CPU.ActiveCfg = Release|Any CPU
		{0DC4B408-21E9-4CC3-887F-D8431A49A326}.Release|Any CPU.Build.0 = Release|Any CPU
	EndGlobalSection
	GlobalSection(SolutionProperties) = preSolution
		HideSolutionNode = FALSE
	EndGlobalSection
	GlobalSection(ExtensibilityGlobals) = postSolution
		SolutionGuid = {0E173711-A40D-4865-A7C8-3CE57C2C900D}
	EndGlobalSection
EndGlobal
